
Microsoft Visual Studio Solution File, Format Version 12.00
# Visual Studio 15
VisualStudioVersion = 15.0.28307.106
MinimumVisualStudioVersion = 10.0.40219.1
Project("{FAE04EC0-301F-11D3-BF4B-00C04F79EFBC}") = "SnowConeTycoon.Android", "SnowConeTycoon.Android\SnowConeTycoon.Android.csproj", "{1C9214E1-F93C-4D9C-BE90-BFDA9F5F0F4A}"
EndProject
Project("{D954291E-2A0B-460D-934E-DC6B0785DB48}") = "SnowConeTycoon.Shared", "SnowConeTycoon.Shared\SnowConeTycoon.Shared.shproj", "{A0CDBD0E-3A41-42B7-9425-A838BC2C7383}"
EndProject
Project("{FAE04EC0-301F-11D3-BF4B-00C04F79EFBC}") = "SnowConeTycoon.iOS.iOS", "SnowConeTycoon.iOS\SnowConeTycoon.iOS.iOS.csproj", "{CA7AB65C-57DE-412C-AF42-E7E6EDDF2D5F}"
EndProject
Global
	GlobalSection(SharedMSBuildProjectFiles) = preSolution
		SnowConeTycoon.Shared\SnowConeTycoon.Shared.projitems*{1c9214e1-f93c-4d9c-be90-bfda9f5f0f4a}*SharedItemsImports = 4
		SnowConeTycoon.Shared\SnowConeTycoon.Shared.projitems*{a0cdbd0e-3a41-42b7-9425-a838bc2c7383}*SharedItemsImports = 13
	EndGlobalSection
	GlobalSection(SolutionConfigurationPlatforms) = preSolution
		Debug|Any CPU = Debug|Any CPU
		Release|Any CPU = Release|Any CPU
		Debug|iPhoneSimulator = Debug|iPhoneSimulator
		Release|iPhoneSimulator = Release|iPhoneSimulator
		Debug|iPhone = Debug|iPhone
		Release|iPhone = Release|iPhone
		Ad-Hoc|iPhone = Ad-Hoc|iPhone
		AppStore|iPhone = AppStore|iPhone
	EndGlobalSection
	GlobalSection(ProjectConfigurationPlatforms) = postSolution
		{1C9214E1-F93C-4D9C-BE90-BFDA9F5F0F4A}.Debug|Any CPU.ActiveCfg = Debug|Any CPU
		{1C9214E1-F93C-4D9C-BE90-BFDA9F5F0F4A}.Debug|Any CPU.Build.0 = Debug|Any CPU
		{1C9214E1-F93C-4D9C-BE90-BFDA9F5F0F4A}.Debug|Any CPU.Deploy.0 = Debug|Any CPU
		{1C9214E1-F93C-4D9C-BE90-BFDA9F5F0F4A}.Release|Any CPU.ActiveCfg = Release|Any CPU
		{1C9214E1-F93C-4D9C-BE90-BFDA9F5F0F4A}.Release|Any CPU.Build.0 = Release|Any CPU
		{1C9214E1-F93C-4D9C-BE90-BFDA9F5F0F4A}.Release|Any CPU.Deploy.0 = Release|Any CPU
		{1C9214E1-F93C-4D9C-BE90-BFDA9F5F0F4A}.Debug|iPhoneSimulator.ActiveCfg = Debug|Any CPU
		{1C9214E1-F93C-4D9C-BE90-BFDA9F5F0F4A}.Debug|iPhoneSimulator.Build.0 = Debug|Any CPU
		{1C9214E1-F93C-4D9C-BE90-BFDA9F5F0F4A}.Release|iPhoneSimulator.ActiveCfg = Release|Any CPU
		{1C9214E1-F93C-4D9C-BE90-BFDA9F5F0F4A}.Release|iPhoneSimulator.Build.0 = Release|Any CPU
		{1C9214E1-F93C-4D9C-BE90-BFDA9F5F0F4A}.Debug|iPhone.ActiveCfg = Debug|Any CPU
		{1C9214E1-F93C-4D9C-BE90-BFDA9F5F0F4A}.Debug|iPhone.Build.0 = Debug|Any CPU
		{1C9214E1-F93C-4D9C-BE90-BFDA9F5F0F4A}.Release|iPhone.ActiveCfg = Release|Any CPU
		{1C9214E1-F93C-4D9C-BE90-BFDA9F5F0F4A}.Release|iPhone.Build.0 = Release|Any CPU
		{1C9214E1-F93C-4D9C-BE90-BFDA9F5F0F4A}.Ad-Hoc|iPhone.ActiveCfg = Debug|Any CPU
		{1C9214E1-F93C-4D9C-BE90-BFDA9F5F0F4A}.Ad-Hoc|iPhone.Build.0 = Debug|Any CPU
		{1C9214E1-F93C-4D9C-BE90-BFDA9F5F0F4A}.AppStore|iPhone.ActiveCfg = Debug|Any CPU
		{1C9214E1-F93C-4D9C-BE90-BFDA9F5F0F4A}.AppStore|iPhone.Build.0 = Debug|Any CPU
		{CA7AB65C-57DE-412C-AF42-E7E6EDDF2D5F}.Debug|Any CPU.ActiveCfg = Debug|iPhoneSimulator
		{CA7AB65C-57DE-412C-AF42-E7E6EDDF2D5F}.Debug|Any CPU.Build.0 = Debug|iPhoneSimulator
		{CA7AB65C-57DE-412C-AF42-E7E6EDDF2D5F}.Release|Any CPU.ActiveCfg = Release|iPhoneSimulator
		{CA7AB65C-57DE-412C-AF42-E7E6EDDF2D5F}.Release|Any CPU.Build.0 = Release|iPhoneSimulator
		{CA7AB65C-57DE-412C-AF42-E7E6EDDF2D5F}.Debug|iPhoneSimulator.ActiveCfg = Debug|iPhoneSimulator
		{CA7AB65C-57DE-412C-AF42-E7E6EDDF2D5F}.Debug|iPhoneSimulator.Build.0 = Debug|iPhoneSimulator
		{CA7AB65C-57DE-412C-AF42-E7E6EDDF2D5F}.Release|iPhoneSimulator.ActiveCfg = Release|iPhoneSimulator
		{CA7AB65C-57DE-412C-AF42-E7E6EDDF2D5F}.Release|iPhoneSimulator.Build.0 = Release|iPhoneSimulator
		{CA7AB65C-57DE-412C-AF42-E7E6EDDF2D5F}.Debug|iPhone.ActiveCfg = Debug|iPhone
		{CA7AB65C-57DE-412C-AF42-E7E6EDDF2D5F}.Debug|iPhone.Build.0 = Debug|iPhone
		{CA7AB65C-57DE-412C-AF42-E7E6EDDF2D5F}.Release|iPhone.ActiveCfg = Release|iPhone
		{CA7AB65C-57DE-412C-AF42-E7E6EDDF2D5F}.Release|iPhone.Build.0 = Release|iPhone
		{CA7AB65C-57DE-412C-AF42-E7E6EDDF2D5F}.Ad-Hoc|iPhone.ActiveCfg = Ad-Hoc|iPhone
		{CA7AB65C-57DE-412C-AF42-E7E6EDDF2D5F}.Ad-Hoc|iPhone.Build.0 = Ad-Hoc|iPhone
		{CA7AB65C-57DE-412C-AF42-E7E6EDDF2D5F}.AppStore|iPhone.ActiveCfg = AppStore|iPhone
		{CA7AB65C-57DE-412C-AF42-E7E6EDDF2D5F}.AppStore|iPhone.Build.0 = AppStore|iPhone
	EndGlobalSection
	GlobalSection(SolutionProperties) = preSolution
		HideSolutionNode = FALSE
	EndGlobalSection
	GlobalSection(ExtensibilityGlobals) = postSolution
		SolutionGuid = {89B48B94-E988-476E-BD20-6986531DD71A}
	EndGlobalSection
EndGlobal
